// !$*UTF8*$!
{
	archiveVersion = 1;
	classes = {
	};
	objectVersion = 46;
	objects = {

/* Begin PBXBuildFile section */
		310CBAFE17EFFB2300F8A534 /* Foundation.framework in Frameworks */ = {isa = PBXBuildFile; fileRef = 310CBAFD17EFFB2300F8A534 /* Foundation.framework */; };
		310CBB0017EFFB2300F8A534 /* CoreGraphics.framework in Frameworks */ = {isa = PBXBuildFile; fileRef = 310CBAFF17EFFB2300F8A534 /* CoreGraphics.framework */; };
		310CBB0217EFFB2300F8A534 /* UIKit.framework in Frameworks */ = {isa = PBXBuildFile; fileRef = 310CBB0117EFFB2300F8A534 /* UIKit.framework */; };
		310CBB0817EFFB2300F8A534 /* InfoPlist.strings in Resources */ = {isa = PBXBuildFile; fileRef = 310CBB0617EFFB2300F8A534 /* InfoPlist.strings */; };
		310CBB0A17EFFB2300F8A534 /* main.m in Sources */ = {isa = PBXBuildFile; fileRef = 310CBB0917EFFB2300F8A534 /* main.m */; };
		310CBB0E17EFFB2300F8A534 /* ThinkBackAppDelegate.m in Sources */ = {isa = PBXBuildFile; fileRef = 310CBB0D17EFFB2300F8A534 /* ThinkBackAppDelegate.m */; };
		310CBB1117EFFB2300F8A534 /* Main_iPhone.storyboard in Resources */ = {isa = PBXBuildFile; fileRef = 310CBB0F17EFFB2300F8A534 /* Main_iPhone.storyboard */; };
		310CBB1417EFFB2300F8A534 /* Main_iPad.storyboard in Resources */ = {isa = PBXBuildFile; fileRef = 310CBB1217EFFB2300F8A534 /* Main_iPad.storyboard */; };
		310CBB1717EFFB2300F8A534 /* ThinkBackRootViewController.m in Sources */ = {isa = PBXBuildFile; fileRef = 310CBB1617EFFB2300F8A534 /* ThinkBackRootViewController.m */; };
		310CBB1917EFFB2300F8A534 /* Images.xcassets in Resources */ = {isa = PBXBuildFile; fileRef = 310CBB1817EFFB2300F8A534 /* Images.xcassets */; };
		310CBB2017EFFB2400F8A534 /* XCTest.framework in Frameworks */ = {isa = PBXBuildFile; fileRef = 310CBB1F17EFFB2400F8A534 /* XCTest.framework */; };
		310CBB2117EFFB2400F8A534 /* Foundation.framework in Frameworks */ = {isa = PBXBuildFile; fileRef = 310CBAFD17EFFB2300F8A534 /* Foundation.framework */; };
		310CBB2217EFFB2400F8A534 /* UIKit.framework in Frameworks */ = {isa = PBXBuildFile; fileRef = 310CBB0117EFFB2300F8A534 /* UIKit.framework */; };
		310CBB2A17EFFB2400F8A534 /* InfoPlist.strings in Resources */ = {isa = PBXBuildFile; fileRef = 310CBB2817EFFB2400F8A534 /* InfoPlist.strings */; };
		310CBB2C17EFFB2400F8A534 /* ThinkBackTests.m in Sources */ = {isa = PBXBuildFile; fileRef = 310CBB2B17EFFB2400F8A534 /* ThinkBackTests.m */; };
		31F72C34180F460C00ADFD61 /* ThinkBackAllIdeasTableViewController.m in Sources */ = {isa = PBXBuildFile; fileRef = 31F72C32180F460C00ADFD61 /* ThinkBackAllIdeasTableViewController.m */; };
		31F72C38180F467B00ADFD61 /* NewIdeaViewController.m in Sources */ = {isa = PBXBuildFile; fileRef = 31F72C37180F467B00ADFD61 /* NewIdeaViewController.m */; };
		31FC076E180F2A0C00274A5C /* ThinkBackSettingsViewController.m in Sources */ = {isa = PBXBuildFile; fileRef = 31FC076C180F2A0C00274A5C /* ThinkBackSettingsViewController.m */; };
		31FC0771180F2A9700274A5C /* AddressBook.framework in Frameworks */ = {isa = PBXBuildFile; fileRef = 31FC0770180F2A9700274A5C /* AddressBook.framework */; };
		31FC0773180F2ABF00274A5C /* CoreLocation.framework in Frameworks */ = {isa = PBXBuildFile; fileRef = 31FC0772180F2ABF00274A5C /* CoreLocation.framework */; };
/* End PBXBuildFile section */

/* Begin PBXContainerItemProxy section */
		310CBB2317EFFB2400F8A534 /* PBXContainerItemProxy */ = {
			isa = PBXContainerItemProxy;
			containerPortal = 310CBAF217EFFB2300F8A534 /* Project object */;
			proxyType = 1;
			remoteGlobalIDString = 310CBAF917EFFB2300F8A534;
			remoteInfo = ThinkBack;
		};
/* End PBXContainerItemProxy section */

/* Begin PBXFileReference section */
		310CBAFA17EFFB2300F8A534 /* ThinkBack.app */ = {isa = PBXFileReference; explicitFileType = wrapper.application; includeInIndex = 0; path = ThinkBack.app; sourceTree = BUILT_PRODUCTS_DIR; };
		310CBAFD17EFFB2300F8A534 /* Foundation.framework */ = {isa = PBXFileReference; lastKnownFileType = wrapper.framework; name = Foundation.framework; path = System/Library/Frameworks/Foundation.framework; sourceTree = SDKROOT; };
		310CBAFF17EFFB2300F8A534 /* CoreGraphics.framework */ = {isa = PBXFileReference; lastKnownFileType = wrapper.framework; name = CoreGraphics.framework; path = System/Library/Frameworks/CoreGraphics.framework; sourceTree = SDKROOT; };
		310CBB0117EFFB2300F8A534 /* UIKit.framework */ = {isa = PBXFileReference; lastKnownFileType = wrapper.framework; name = UIKit.framework; path = System/Library/Frameworks/UIKit.framework; sourceTree = SDKROOT; };
		310CBB0517EFFB2300F8A534 /* ThinkBack-Info.plist */ = {isa = PBXFileReference; lastKnownFileType = text.plist.xml; path = "ThinkBack-Info.plist"; sourceTree = "<group>"; };
		310CBB0717EFFB2300F8A534 /* en */ = {isa = PBXFileReference; lastKnownFileType = text.plist.strings; name = en; path = en.lproj/InfoPlist.strings; sourceTree = "<group>"; };
		310CBB0917EFFB2300F8A534 /* main.m */ = {isa = PBXFileReference; lastKnownFileType = sourcecode.c.objc; path = main.m; sourceTree = "<group>"; };
		310CBB0B17EFFB2300F8A534 /* ThinkBack-Prefix.pch */ = {isa = PBXFileReference; lastKnownFileType = sourcecode.c.h; path = "ThinkBack-Prefix.pch"; sourceTree = "<group>"; };
		310CBB0C17EFFB2300F8A534 /* ThinkBackAppDelegate.h */ = {isa = PBXFileReference; lastKnownFileType = sourcecode.c.h; path = ThinkBackAppDelegate.h; sourceTree = "<group>"; };
		310CBB0D17EFFB2300F8A534 /* ThinkBackAppDelegate.m */ = {isa = PBXFileReference; lastKnownFileType = sourcecode.c.objc; path = ThinkBackAppDelegate.m; sourceTree = "<group>"; };
		310CBB1017EFFB2300F8A534 /* Base */ = {isa = PBXFileReference; lastKnownFileType = file.storyboard; name = Base; path = Base.lproj/Main_iPhone.storyboard; sourceTree = "<group>"; };
		310CBB1317EFFB2300F8A534 /* Base */ = {isa = PBXFileReference; lastKnownFileType = file.storyboard; name = Base; path = Base.lproj/Main_iPad.storyboard; sourceTree = "<group>"; };
		310CBB1517EFFB2300F8A534 /* ThinkBackRootViewController.h */ = {isa = PBXFileReference; lastKnownFileType = sourcecode.c.h; path = ThinkBackRootViewController.h; sourceTree = "<group>"; };
		310CBB1617EFFB2300F8A534 /* ThinkBackRootViewController.m */ = {isa = PBXFileReference; lastKnownFileType = sourcecode.c.objc; path = ThinkBackRootViewController.m; sourceTree = "<group>"; };
		310CBB1817EFFB2300F8A534 /* Images.xcassets */ = {isa = PBXFileReference; lastKnownFileType = folder.assetcatalog; path = Images.xcassets; sourceTree = "<group>"; };
		310CBB1E17EFFB2400F8A534 /* ThinkBackTests.xctest */ = {isa = PBXFileReference; explicitFileType = wrapper.cfbundle; includeInIndex = 0; path = ThinkBackTests.xctest; sourceTree = BUILT_PRODUCTS_DIR; };
		310CBB1F17EFFB2400F8A534 /* XCTest.framework */ = {isa = PBXFileReference; lastKnownFileType = wrapper.framework; name = XCTest.framework; path = Library/Frameworks/XCTest.framework; sourceTree = DEVELOPER_DIR; };
		310CBB2717EFFB2400F8A534 /* ThinkBackTests-Info.plist */ = {isa = PBXFileReference; lastKnownFileType = text.plist.xml; path = "ThinkBackTests-Info.plist"; sourceTree = "<group>"; };
		310CBB2917EFFB2400F8A534 /* en */ = {isa = PBXFileReference; lastKnownFileType = text.plist.strings; name = en; path = en.lproj/InfoPlist.strings; sourceTree = "<group>"; };
		310CBB2B17EFFB2400F8A534 /* ThinkBackTests.m */ = {isa = PBXFileReference; lastKnownFileType = sourcecode.c.objc; path = ThinkBackTests.m; sourceTree = "<group>"; };
		31F72C31180F460C00ADFD61 /* ThinkBackAllIdeasTableViewController.h */ = {isa = PBXFileReference; fileEncoding = 4; lastKnownFileType = sourcecode.c.h; path = ThinkBackAllIdeasTableViewController.h; sourceTree = "<group>"; };
		31F72C32180F460C00ADFD61 /* ThinkBackAllIdeasTableViewController.m */ = {isa = PBXFileReference; fileEncoding = 4; lastKnownFileType = sourcecode.c.objc; path = ThinkBackAllIdeasTableViewController.m; sourceTree = "<group>"; };
		31F72C36180F467B00ADFD61 /* NewIdeaViewController.h */ = {isa = PBXFileReference; fileEncoding = 4; lastKnownFileType = sourcecode.c.h; path = NewIdeaViewController.h; sourceTree = "<group>"; };
		31F72C37180F467B00ADFD61 /* NewIdeaViewController.m */ = {isa = PBXFileReference; fileEncoding = 4; lastKnownFileType = sourcecode.c.objc; path = NewIdeaViewController.m; sourceTree = "<group>"; };
		31FC076B180F2A0C00274A5C /* ThinkBackSettingsViewController.h */ = {isa = PBXFileReference; fileEncoding = 4; lastKnownFileType = sourcecode.c.h; path = ThinkBackSettingsViewController.h; sourceTree = "<group>"; };
		31FC076C180F2A0C00274A5C /* ThinkBackSettingsViewController.m */ = {isa = PBXFileReference; fileEncoding = 4; lastKnownFileType = sourcecode.c.objc; path = ThinkBackSettingsViewController.m; sourceTree = "<group>"; };
		31FC0770180F2A9700274A5C /* AddressBook.framework */ = {isa = PBXFileReference; lastKnownFileType = wrapper.framework; name = AddressBook.framework; path = System/Library/Frameworks/AddressBook.framework; sourceTree = SDKROOT; };
		31FC0772180F2ABF00274A5C /* CoreLocation.framework */ = {isa = PBXFileReference; lastKnownFileType = wrapper.framework; name = CoreLocation.framework; path = System/Library/Frameworks/CoreLocation.framework; sourceTree = SDKROOT; };
/* End PBXFileReference section */

/* Begin PBXFrameworksBuildPhase section */
		310CBAF717EFFB2300F8A534 /* Frameworks */ = {
			isa = PBXFrameworksBuildPhase;
			buildActionMask = 2147483647;
			files = (
				31FC0773180F2ABF00274A5C /* CoreLocation.framework in Frameworks */,
				31FC0771180F2A9700274A5C /* AddressBook.framework in Frameworks */,
				310CBB0017EFFB2300F8A534 /* CoreGraphics.framework in Frameworks */,
				310CBB0217EFFB2300F8A534 /* UIKit.framework in Frameworks */,
				310CBAFE17EFFB2300F8A534 /* Foundation.framework in Frameworks */,
			);
			runOnlyForDeploymentPostprocessing = 0;
		};
		310CBB1B17EFFB2400F8A534 /* Frameworks */ = {
			isa = PBXFrameworksBuildPhase;
			buildActionMask = 2147483647;
			files = (
				310CBB2017EFFB2400F8A534 /* XCTest.framework in Frameworks */,
				310CBB2217EFFB2400F8A534 /* UIKit.framework in Frameworks */,
				310CBB2117EFFB2400F8A534 /* Foundation.framework in Frameworks */,
			);
			runOnlyForDeploymentPostprocessing = 0;
		};
/* End PBXFrameworksBuildPhase section */

/* Begin PBXGroup section */
		310CBAF117EFFB2300F8A534 = {
			isa = PBXGroup;
			children = (
				310CBB0317EFFB2300F8A534 /* ThinkBack */,
				310CBB2517EFFB2400F8A534 /* ThinkBackTests */,
				310CBAFC17EFFB2300F8A534 /* Frameworks */,
				310CBAFB17EFFB2300F8A534 /* Products */,
			);
			sourceTree = "<group>";
		};
		310CBAFB17EFFB2300F8A534 /* Products */ = {
			isa = PBXGroup;
			children = (
				310CBAFA17EFFB2300F8A534 /* ThinkBack.app */,
				310CBB1E17EFFB2400F8A534 /* ThinkBackTests.xctest */,
			);
			name = Products;
			sourceTree = "<group>";
		};
		310CBAFC17EFFB2300F8A534 /* Frameworks */ = {
			isa = PBXGroup;
			children = (
				31FC0772180F2ABF00274A5C /* CoreLocation.framework */,
				31FC0770180F2A9700274A5C /* AddressBook.framework */,
				310CBAFD17EFFB2300F8A534 /* Foundation.framework */,
				310CBAFF17EFFB2300F8A534 /* CoreGraphics.framework */,
				310CBB0117EFFB2300F8A534 /* UIKit.framework */,
				310CBB1F17EFFB2400F8A534 /* XCTest.framework */,
			);
			name = Frameworks;
			sourceTree = "<group>";
		};
		310CBB0317EFFB2300F8A534 /* ThinkBack */ = {
			isa = PBXGroup;
			children = (
				310CBB0C17EFFB2300F8A534 /* ThinkBackAppDelegate.h */,
				310CBB0D17EFFB2300F8A534 /* ThinkBackAppDelegate.m */,
				310CBB1517EFFB2300F8A534 /* ThinkBackRootViewController.h */,
				310CBB1617EFFB2300F8A534 /* ThinkBackRootViewController.m */,
				31F72C36180F467B00ADFD61 /* NewIdeaViewController.h */,
				31F72C37180F467B00ADFD61 /* NewIdeaViewController.m */,
				31F72C31180F460C00ADFD61 /* ThinkBackAllIdeasTableViewController.h */,
				31F72C32180F460C00ADFD61 /* ThinkBackAllIdeasTableViewController.m */,
				310CBB0F17EFFB2300F8A534 /* Main_iPhone.storyboard */,
				310CBB1217EFFB2300F8A534 /* Main_iPad.storyboard */,
				310CBB1817EFFB2300F8A534 /* Images.xcassets */,
				310CBB0417EFFB2300F8A534 /* Supporting Files */,
				31FC076B180F2A0C00274A5C /* ThinkBackSettingsViewController.h */,
				31FC076C180F2A0C00274A5C /* ThinkBackSettingsViewController.m */,
			);
			path = ThinkBack;
			sourceTree = "<group>";
		};
		310CBB0417EFFB2300F8A534 /* Supporting Files */ = {
			isa = PBXGroup;
			children = (
				310CBB0517EFFB2300F8A534 /* ThinkBack-Info.plist */,
				310CBB0617EFFB2300F8A534 /* InfoPlist.strings */,
				310CBB0917EFFB2300F8A534 /* main.m */,
				310CBB0B17EFFB2300F8A534 /* ThinkBack-Prefix.pch */,
			);
			name = "Supporting Files";
			sourceTree = "<group>";
		};
		310CBB2517EFFB2400F8A534 /* ThinkBackTests */ = {
			isa = PBXGroup;
			children = (
				310CBB2B17EFFB2400F8A534 /* ThinkBackTests.m */,
				310CBB2617EFFB2400F8A534 /* Supporting Files */,
			);
			path = ThinkBackTests;
			sourceTree = "<group>";
		};
		310CBB2617EFFB2400F8A534 /* Supporting Files */ = {
			isa = PBXGroup;
			children = (
				310CBB2717EFFB2400F8A534 /* ThinkBackTests-Info.plist */,
				310CBB2817EFFB2400F8A534 /* InfoPlist.strings */,
			);
			name = "Supporting Files";
			sourceTree = "<group>";
		};
/* End PBXGroup section */

/* Begin PBXNativeTarget section */
		310CBAF917EFFB2300F8A534 /* ThinkBack */ = {
			isa = PBXNativeTarget;
			buildConfigurationList = 310CBB2F17EFFB2400F8A534 /* Build configuration list for PBXNativeTarget "ThinkBack" */;
			buildPhases = (
				310CBAF617EFFB2300F8A534 /* Sources */,
				310CBAF717EFFB2300F8A534 /* Frameworks */,
				310CBAF817EFFB2300F8A534 /* Resources */,
			);
			buildRules = (
			);
			dependencies = (
			);
			name = ThinkBack;
			productName = ThinkBack;
			productReference = 310CBAFA17EFFB2300F8A534 /* ThinkBack.app */;
			productType = "com.apple.product-type.application";
		};
		310CBB1D17EFFB2400F8A534 /* ThinkBackTests */ = {
			isa = PBXNativeTarget;
			buildConfigurationList = 310CBB3217EFFB2400F8A534 /* Build configuration list for PBXNativeTarget "ThinkBackTests" */;
			buildPhases = (
				310CBB1A17EFFB2400F8A534 /* Sources */,
				310CBB1B17EFFB2400F8A534 /* Frameworks */,
				310CBB1C17EFFB2400F8A534 /* Resources */,
			);
			buildRules = (
			);
			dependencies = (
				310CBB2417EFFB2400F8A534 /* PBXTargetDependency */,
			);
			name = ThinkBackTests;
			productName = ThinkBackTests;
			productReference = 310CBB1E17EFFB2400F8A534 /* ThinkBackTests.xctest */;
			productType = "com.apple.product-type.bundle.unit-test";
		};
/* End PBXNativeTarget section */

/* Begin PBXProject section */
		310CBAF217EFFB2300F8A534 /* Project object */ = {
			isa = PBXProject;
			attributes = {
				CLASSPREFIX = ThinkBack;
				LastUpgradeCheck = 0500;
				ORGANIZATIONNAME = DanDrew;
				TargetAttributes = {
					310CBAF917EFFB2300F8A534 = {
						DevelopmentTeam = J8QQ83YWWH;
					};
					310CBB1D17EFFB2400F8A534 = {
						TestTargetID = 310CBAF917EFFB2300F8A534;
					};
				};
			};
			buildConfigurationList = 310CBAF517EFFB2300F8A534 /* Build configuration list for PBXProject "ThinkBack" */;
			compatibilityVersion = "Xcode 3.2";
			developmentRegion = English;
			hasScannedForEncodings = 0;
			knownRegions = (
				en,
				Base,
			);
			mainGroup = 310CBAF117EFFB2300F8A534;
			productRefGroup = 310CBAFB17EFFB2300F8A534 /* Products */;
			projectDirPath = "";
			projectRoot = "";
			targets = (
				310CBAF917EFFB2300F8A534 /* ThinkBack */,
				310CBB1D17EFFB2400F8A534 /* ThinkBackTests */,
			);
		};
/* End PBXProject section */

/* Begin PBXResourcesBuildPhase section */
		310CBAF817EFFB2300F8A534 /* Resources */ = {
			isa = PBXResourcesBuildPhase;
			buildActionMask = 2147483647;
			files = (
				310CBB1417EFFB2300F8A534 /* Main_iPad.storyboard in Resources */,
				310CBB1917EFFB2300F8A534 /* Images.xcassets in Resources */,
				310CBB1117EFFB2300F8A534 /* Main_iPhone.storyboard in Resources */,
				310CBB0817EFFB2300F8A534 /* InfoPlist.strings in Resources */,
			);
			runOnlyForDeploymentPostprocessing = 0;
		};
		310CBB1C17EFFB2400F8A534 /* Resources */ = {
			isa = PBXResourcesBuildPhase;
			buildActionMask = 2147483647;
			files = (
				310CBB2A17EFFB2400F8A534 /* InfoPlist.strings in Resources */,
			);
			runOnlyForDeploymentPostprocessing = 0;
		};
/* End PBXResourcesBuildPhase section */

/* Begin PBXSourcesBuildPhase section */
		310CBAF617EFFB2300F8A534 /* Sources */ = {
			isa = PBXSourcesBuildPhase;
			buildActionMask = 2147483647;
			files = (
				310CBB1717EFFB2300F8A534 /* ThinkBackRootViewController.m in Sources */,
				31F72C34180F460C00ADFD61 /* ThinkBackAllIdeasTableViewController.m in Sources */,
				31F72C38180F467B00ADFD61 /* NewIdeaViewController.m in Sources */,
				31FC076E180F2A0C00274A5C /* ThinkBackSettingsViewController.m in Sources */,
				310CBB0E17EFFB2300F8A534 /* ThinkBackAppDelegate.m in Sources */,
				310CBB0A17EFFB2300F8A534 /* main.m in Sources */,
			);
			runOnlyForDeploymentPostprocessing = 0;
		};
		310CBB1A17EFFB2400F8A534 /* Sources */ = {
			isa = PBXSourcesBuildPhase;
			buildActionMask = 2147483647;
			files = (
				310CBB2C17EFFB2400F8A534 /* ThinkBackTests.m in Sources */,
			);
			runOnlyForDeploymentPostprocessing = 0;
		};
/* End PBXSourcesBuildPhase section */

/* Begin PBXTargetDependency section */
		310CBB2417EFFB2400F8A534 /* PBXTargetDependency */ = {
			isa = PBXTargetDependency;
			target = 310CBAF917EFFB2300F8A534 /* ThinkBack */;
			targetProxy = 310CBB2317EFFB2400F8A534 /* PBXContainerItemProxy */;
		};
/* End PBXTargetDependency section */

/* Begin PBXVariantGroup section */
		310CBB0617EFFB2300F8A534 /* InfoPlist.strings */ = {
			isa = PBXVariantGroup;
			children = (
				310CBB0717EFFB2300F8A534 /* en */,
			);
			name = InfoPlist.strings;
			sourceTree = "<group>";
		};
		310CBB0F17EFFB2300F8A534 /* Main_iPhone.storyboard */ = {
			isa = PBXVariantGroup;
			children = (
				310CBB1017EFFB2300F8A534 /* Base */,
			);
			name = Main_iPhone.storyboard;
			sourceTree = "<group>";
		};
		310CBB1217EFFB2300F8A534 /* Main_iPad.storyboard */ = {
			isa = PBXVariantGroup;
			children = (
				310CBB1317EFFB2300F8A534 /* Base */,
			);
			name = Main_iPad.storyboard;
			sourceTree = "<group>";
		};
		310CBB2817EFFB2400F8A534 /* InfoPlist.strings */ = {
			isa = PBXVariantGroup;
			children = (
				310CBB2917EFFB2400F8A534 /* en */,
			);
			name = InfoPlist.strings;
			sourceTree = "<group>";
		};
/* End PBXVariantGroup section */

/* Begin XCBuildConfiguration section */
		310CBB2D17EFFB2400F8A534 /* Debug */ = {
			isa = XCBuildConfiguration;
			buildSettings = {
				ALWAYS_SEARCH_USER_PATHS = NO;
				ARCHS = "$(ARCHS_STANDARD_INCLUDING_64_BIT)";
				CLANG_CXX_LANGUAGE_STANDARD = "gnu++0x";
				CLANG_CXX_LIBRARY = "libc++";
				CLANG_ENABLE_MODULES = YES;
				CLANG_ENABLE_OBJC_ARC = YES;
				CLANG_WARN_BOOL_CONVERSION = YES;
				CLANG_WARN_CONSTANT_CONVERSION = YES;
				CLANG_WARN_DIRECT_OBJC_ISA_USAGE = YES_ERROR;
				CLANG_WARN_EMPTY_BODY = YES;
				CLANG_WARN_ENUM_CONVERSION = YES;
				CLANG_WARN_INT_CONVERSION = YES;
				CLANG_WARN_OBJC_ROOT_CLASS = YES_ERROR;
				CLANG_WARN__DUPLICATE_METHOD_MATCH = YES;
				"CODE_SIGN_IDENTITY[sdk=iphoneos*]" = "iPhone Developer";
				COPY_PHASE_STRIP = NO;
				GCC_C_LANGUAGE_STANDARD = gnu99;
				GCC_DYNAMIC_NO_PIC = NO;
				GCC_OPTIMIZATION_LEVEL = 0;
				GCC_PREPROCESSOR_DEFINITIONS = (
					"DEBUG=1",
					"$(inherited)",
				);
				GCC_SYMBOLS_PRIVATE_EXTERN = NO;
				GCC_WARN_64_TO_32_BIT_CONVERSION = YES;
				GCC_WARN_ABOUT_RETURN_TYPE = YES_ERROR;
				GCC_WARN_UNDECLARED_SELECTOR = YES;
				GCC_WARN_UNINITIALIZED_AUTOS = YES;
				GCC_WARN_UNUSED_FUNCTION = YES;
				GCC_WARN_UNUSED_VARIABLE = YES;
				IPHONEOS_DEPLOYMENT_TARGET = 7.0;
				ONLY_ACTIVE_ARCH = YES;
				SDKROOT = iphoneos;
				TARGETED_DEVICE_FAMILY = "1,2";
			};
			name = Debug;
		};
		310CBB2E17EFFB2400F8A534 /* Release */ = {
			isa = XCBuildConfiguration;
			buildSettings = {
				ALWAYS_SEARCH_USER_PATHS = NO;
				ARCHS = "$(ARCHS_STANDARD_INCLUDING_64_BIT)";
				CLANG_CXX_LANGUAGE_STANDARD = "gnu++0x";
				CLANG_CXX_LIBRARY = "libc++";
				CLANG_ENABLE_MODULES = YES;
				CLANG_ENABLE_OBJC_ARC = YES;
				CLANG_WARN_BOOL_CONVERSION = YES;
				CLANG_WARN_CONSTANT_CONVERSION = YES;
				CLANG_WARN_DIRECT_OBJC_ISA_USAGE = YES_ERROR;
				CLANG_WARN_EMPTY_BODY = YES;
				CLANG_WARN_ENUM_CONVERSION = YES;
				CLANG_WARN_INT_CONVERSION = YES;
				CLANG_WARN_OBJC_ROOT_CLASS = YES_ERROR;
				CLANG_WARN__DUPLICATE_METHOD_MATCH = YES;
				"CODE_SIGN_IDENTITY[sdk=iphoneos*]" = "iPhone Developer";
				COPY_PHASE_STRIP = YES;
				ENABLE_NS_ASSERTIONS = NO;
				GCC_C_LANGUAGE_STANDARD = gnu99;
				GCC_WARN_64_TO_32_BIT_CONVERSION = YES;
				GCC_WARN_ABOUT_RETURN_TYPE = YES_ERROR;
				GCC_WARN_UNDECLARED_SELECTOR = YES;
				GCC_WARN_UNINITIALIZED_AUTOS = YES;
				GCC_WARN_UNUSED_FUNCTION = YES;
				GCC_WARN_UNUSED_VARIABLE = YES;
				IPHONEOS_DEPLOYMENT_TARGET = 7.0;
				SDKROOT = iphoneos;
				TARGETED_DEVICE_FAMILY = "1,2";
				VALIDATE_PRODUCT = YES;
			};
			name = Release;
		};
		310CBB3017EFFB2400F8A534 /* Debug */ = {
			isa = XCBuildConfiguration;
			buildSettings = {
				ASSETCATALOG_COMPILER_APPICON_NAME = AppIcon;
				ASSETCATALOG_COMPILER_LAUNCHIMAGE_NAME = LaunchImage;
				CODE_SIGN_IDENTITY = "iPhone Developer";
				"CODE_SIGN_IDENTITY[sdk=iphoneos*]" = "iPhone Developer";
				GCC_PRECOMPILE_PREFIX_HEADER = YES;
				GCC_PREFIX_HEADER = "ThinkBack/ThinkBack-Prefix.pch";
				INFOPLIST_FILE = "ThinkBack/ThinkBack-Info.plist";
				PRODUCT_NAME = "$(TARGET_NAME)";
				PROVISIONING_PROFILE = "";
				WRAPPER_EXTENSION = app;
			};
			name = Debug;
		};
		310CBB3117EFFB2400F8A534 /* Release */ = {
			isa = XCBuildConfiguration;
			buildSettings = {
				ASSETCATALOG_COMPILER_APPICON_NAME = AppIcon;
				ASSETCATALOG_COMPILER_LAUNCHIMAGE_NAME = LaunchImage;
				CODE_SIGN_IDENTITY = "iPhone Developer";
				"CODE_SIGN_IDENTITY[sdk=iphoneos*]" = "iPhone Developer";
				GCC_PRECOMPILE_PREFIX_HEADER = YES;
				GCC_PREFIX_HEADER = "ThinkBack/ThinkBack-Prefix.pch";
				INFOPLIST_FILE = "ThinkBack/ThinkBack-Info.plist";
				PRODUCT_NAME = "$(TARGET_NAME)";
				PROVISIONING_PROFILE = "";
				WRAPPER_EXTENSION = app;
			};
			name = Release;
		};
		310CBB3317EFFB2400F8A534 /* Debug */ = {
			isa = XCBuildConfiguration;
			buildSettings = {
				ARCHS = "$(ARCHS_STANDARD_INCLUDING_64_BIT)";
				BUNDLE_LOADER = "$(BUILT_PRODUCTS_DIR)/ThinkBack.app/ThinkBack";
				FRAMEWORK_SEARCH_PATHS = (
					"$(SDKROOT)/Developer/Library/Frameworks",
					"$(inherited)",
					"$(DEVELOPER_FRAMEWORKS_DIR)",
				);
				GCC_PRECOMPILE_PREFIX_HEADER = YES;
				GCC_PREFIX_HEADER = "ThinkBack/ThinkBack-Prefix.pch";
				GCC_PREPROCESSOR_DEFINITIONS = (
					"DEBUG=1",
					"$(inherited)",
				);
				INFOPLIST_FILE = "ThinkBackTests/ThinkBackTests-Info.plist";
				PRODUCT_NAME = "$(TARGET_NAME)";
				TEST_HOST = "$(BUNDLE_LOADER)";
				WRAPPER_EXTENSION = xctest;
			};
			name = Debug;
		};
		310CBB3417EFFB2400F8A534 /* Release */ = {
			isa = XCBuildConfiguration;
			buildSettings = {
				ARCHS = "$(ARCHS_STANDARD_INCLUDING_64_BIT)";
				BUNDLE_LOADER = "$(BUILT_PRODUCTS_DIR)/ThinkBack.app/ThinkBack";
				FRAMEWORK_SEARCH_PATHS = (
					"$(SDKROOT)/Developer/Library/Frameworks",
					"$(inherited)",
					"$(DEVELOPER_FRAMEWORKS_DIR)",
				);
				GCC_PRECOMPILE_PREFIX_HEADER = YES;
				GCC_PREFIX_HEADER = "ThinkBack/ThinkBack-Prefix.pch";
				INFOPLIST_FILE = "ThinkBackTests/ThinkBackTests-Info.plist";
				PRODUCT_NAME = "$(TARGET_NAME)";
				TEST_HOST = "$(BUNDLE_LOADER)";
				WRAPPER_EXTENSION = xctest;
			};
			name = Release;
		};
/* End XCBuildConfiguration section */

/* Begin XCConfigurationList section */
		310CBAF517EFFB2300F8A534 /* Build configuration list for PBXProject "ThinkBack" */ = {
			isa = XCConfigurationList;
			buildConfigurations = (
				310CBB2D17EFFB2400F8A534 /* Debug */,
				310CBB2E17EFFB2400F8A534 /* Release */,
			);
			defaultConfigurationIsVisible = 0;
			defaultConfigurationName = Release;
		};
		310CBB2F17EFFB2400F8A534 /* Build configuration list for PBXNativeTarget "ThinkBack" */ = {
			isa = XCConfigurationList;
			buildConfigurations = (
				310CBB3017EFFB2400F8A534 /* Debug */,
				310CBB3117EFFB2400F8A534 /* Release */,
			);
			defaultConfigurationIsVisible = 0;
			defaultConfigurationName = Release;
		};
		310CBB3217EFFB2400F8A534 /* Build configuration list for PBXNativeTarget "ThinkBackTests" */ = {
			isa = XCConfigurationList;
			buildConfigurations = (
				310CBB3317EFFB2400F8A534 /* Debug */,
				310CBB3417EFFB2400F8A534 /* Release */,
			);
			defaultConfigurationIsVisible = 0;
			defaultConfigurationName = Release;
		};
/* End XCConfigurationList section */
	};
	rootObject = 310CBAF217EFFB2300F8A534 /* Project object */;
}
